
Microsoft Visual Studio Solution File, Format Version 12.00
# Visual Studio 15
VisualStudioVersion = 15.0.26430.15
MinimumVisualStudioVersion = 10.0.40219.1
Project("{FAE04EC0-301F-11D3-BF4B-00C04F79EFBC}") = "GemSwipe", "GemSwipe\GemSwipe\GemSwipe.csproj", "{6169A47D-6F19-4831-8564-17904E76FA2A}"
EndProject
Project("{FAE04EC0-301F-11D3-BF4B-00C04F79EFBC}") = "GemSwipe.Android", "GemSwipe\GemSwipe.Android\GemSwipe.Android.csproj", "{646DA332-93BC-4EA7-B4D6-2BF775A96BFB}"
EndProject
Project("{FAE04EC0-301F-11D3-BF4B-00C04F79EFBC}") = "GemSwipe.iOS", "GemSwipe\GemSwipe.iOS\GemSwipe.iOS.csproj", "{8DD53AB2-0FD7-493D-8C63-7108C17A2E8D}"
EndProject
Project("{FAE04EC0-301F-11D3-BF4B-00C04F79EFBC}") = "GemSwipe.Tests", "GemSwipe.Tests\GemSwipe.Tests.csproj", "{8D313D6C-855A-4DD9-9174-F8117D86B218}"
EndProject
Project("{FAE04EC0-301F-11D3-BF4B-00C04F79EFBC}") = "LittleStar", "..\LittleStar\LittleStar\LittleStar.csproj", "{679252B9-B7D7-49C3-A1E2-FA6360E0B469}"
EndProject
Project("{FAE04EC0-301F-11D3-BF4B-00C04F79EFBC}") = "GemSwipe.Generator", "GemSwipe.Generator\GemSwipe.Generator.csproj", "{BF26D386-5D18-46C4-B27D-0CE82F6FEF3B}"
EndProject
Global
	GlobalSection(SolutionConfigurationPlatforms) = preSolution
		Debug|Any CPU = Debug|Any CPU
		Debug|iPhone = Debug|iPhone
		Debug|iPhoneSimulator = Debug|iPhoneSimulator
		Release|Any CPU = Release|Any CPU
		Release|iPhone = Release|iPhone
		Release|iPhoneSimulator = Release|iPhoneSimulator
	EndGlobalSection
	GlobalSection(ProjectConfigurationPlatforms) = postSolution
		{6169A47D-6F19-4831-8564-17904E76FA2A}.Debug|Any CPU.ActiveCfg = Debug|Any CPU
		{6169A47D-6F19-4831-8564-17904E76FA2A}.Debug|Any CPU.Build.0 = Debug|Any CPU
		{6169A47D-6F19-4831-8564-17904E76FA2A}.Debug|iPhone.ActiveCfg = Debug|Any CPU
		{6169A47D-6F19-4831-8564-17904E76FA2A}.Debug|iPhone.Build.0 = Debug|Any CPU
		{6169A47D-6F19-4831-8564-17904E76FA2A}.Debug|iPhoneSimulator.ActiveCfg = Debug|Any CPU
		{6169A47D-6F19-4831-8564-17904E76FA2A}.Debug|iPhoneSimulator.Build.0 = Debug|Any CPU
		{6169A47D-6F19-4831-8564-17904E76FA2A}.Release|Any CPU.ActiveCfg = Release|Any CPU
		{6169A47D-6F19-4831-8564-17904E76FA2A}.Release|Any CPU.Build.0 = Release|Any CPU
		{6169A47D-6F19-4831-8564-17904E76FA2A}.Release|iPhone.ActiveCfg = Release|Any CPU
		{6169A47D-6F19-4831-8564-17904E76FA2A}.Release|iPhone.Build.0 = Release|Any CPU
		{6169A47D-6F19-4831-8564-17904E76FA2A}.Release|iPhoneSimulator.ActiveCfg = Release|Any CPU
		{6169A47D-6F19-4831-8564-17904E76FA2A}.Release|iPhoneSimulator.Build.0 = Release|Any CPU
		{646DA332-93BC-4EA7-B4D6-2BF775A96BFB}.Debug|Any CPU.ActiveCfg = Debug|Any CPU
		{646DA332-93BC-4EA7-B4D6-2BF775A96BFB}.Debug|Any CPU.Build.0 = Debug|Any CPU
		{646DA332-93BC-4EA7-B4D6-2BF775A96BFB}.Debug|Any CPU.Deploy.0 = Debug|Any CPU
		{646DA332-93BC-4EA7-B4D6-2BF775A96BFB}.Debug|iPhone.ActiveCfg = Debug|Any CPU
		{646DA332-93BC-4EA7-B4D6-2BF775A96BFB}.Debug|iPhone.Build.0 = Debug|Any CPU
		{646DA332-93BC-4EA7-B4D6-2BF775A96BFB}.Debug|iPhone.Deploy.0 = Debug|Any CPU
		{646DA332-93BC-4EA7-B4D6-2BF775A96BFB}.Debug|iPhoneSimulator.ActiveCfg = Debug|Any CPU
		{646DA332-93BC-4EA7-B4D6-2BF775A96BFB}.Debug|iPhoneSimulator.Build.0 = Debug|Any CPU
		{646DA332-93BC-4EA7-B4D6-2BF775A96BFB}.Debug|iPhoneSimulator.Deploy.0 = Debug|Any CPU
		{646DA332-93BC-4EA7-B4D6-2BF775A96BFB}.Release|Any CPU.ActiveCfg = Release|Any CPU
		{646DA332-93BC-4EA7-B4D6-2BF775A96BFB}.Release|Any CPU.Build.0 = Release|Any CPU
		{646DA332-93BC-4EA7-B4D6-2BF775A96BFB}.Release|Any CPU.Deploy.0 = Release|Any CPU
		{646DA332-93BC-4EA7-B4D6-2BF775A96BFB}.Release|iPhone.ActiveCfg = Release|Any CPU
		{646DA332-93BC-4EA7-B4D6-2BF775A96BFB}.Release|iPhone.Build.0 = Release|Any CPU
		{646DA332-93BC-4EA7-B4D6-2BF775A96BFB}.Release|iPhone.Deploy.0 = Release|Any CPU
		{646DA332-93BC-4EA7-B4D6-2BF775A96BFB}.Release|iPhoneSimulator.ActiveCfg = Release|Any CPU
		{646DA332-93BC-4EA7-B4D6-2BF775A96BFB}.Release|iPhoneSimulator.Build.0 = Release|Any CPU
		{646DA332-93BC-4EA7-B4D6-2BF775A96BFB}.Release|iPhoneSimulator.Deploy.0 = Release|Any CPU
		{8DD53AB2-0FD7-493D-8C63-7108C17A2E8D}.Debug|Any CPU.ActiveCfg = Debug|iPhone
		{8DD53AB2-0FD7-493D-8C63-7108C17A2E8D}.Debug|iPhone.ActiveCfg = Debug|iPhone
		{8DD53AB2-0FD7-493D-8C63-7108C17A2E8D}.Debug|iPhone.Build.0 = Debug|iPhone
		{8DD53AB2-0FD7-493D-8C63-7108C17A2E8D}.Debug|iPhoneSimulator.ActiveCfg = Debug|iPhoneSimulator
		{8DD53AB2-0FD7-493D-8C63-7108C17A2E8D}.Debug|iPhoneSimulator.Build.0 = Debug|iPhoneSimulator
		{8DD53AB2-0FD7-493D-8C63-7108C17A2E8D}.Release|Any CPU.ActiveCfg = Release|iPhone
		{8DD53AB2-0FD7-493D-8C63-7108C17A2E8D}.Release|iPhone.ActiveCfg = Release|iPhone
		{8DD53AB2-0FD7-493D-8C63-7108C17A2E8D}.Release|iPhone.Build.0 = Release|iPhone
		{8DD53AB2-0FD7-493D-8C63-7108C17A2E8D}.Release|iPhoneSimulator.ActiveCfg = Release|iPhoneSimulator
		{8DD53AB2-0FD7-493D-8C63-7108C17A2E8D}.Release|iPhoneSimulator.Build.0 = Release|iPhoneSimulator
		{8D313D6C-855A-4DD9-9174-F8117D86B218}.Debug|Any CPU.ActiveCfg = Debug|Any CPU
		{8D313D6C-855A-4DD9-9174-F8117D86B218}.Debug|Any CPU.Build.0 = Debug|Any CPU
		{8D313D6C-855A-4DD9-9174-F8117D86B218}.Debug|iPhone.ActiveCfg = Debug|Any CPU
		{8D313D6C-855A-4DD9-9174-F8117D86B218}.Debug|iPhone.Build.0 = Debug|Any CPU
		{8D313D6C-855A-4DD9-9174-F8117D86B218}.Debug|iPhoneSimulator.ActiveCfg = Debug|Any CPU
		{8D313D6C-855A-4DD9-9174-F8117D86B218}.Debug|iPhoneSimulator.Build.0 = Debug|Any CPU
		{8D313D6C-855A-4DD9-9174-F8117D86B218}.Release|Any CPU.ActiveCfg = Release|Any CPU
		{8D313D6C-855A-4DD9-9174-F8117D86B218}.Release|Any CPU.Build.0 = Release|Any CPU
		{8D313D6C-855A-4DD9-9174-F8117D86B218}.Release|iPhone.ActiveCfg = Release|Any CPU
		{8D313D6C-855A-4DD9-9174-F8117D86B218}.Release|iPhone.Build.0 = Release|Any CPU
		{8D313D6C-855A-4DD9-9174-F8117D86B218}.Release|iPhoneSimulator.ActiveCfg = Release|Any CPU
		{8D313D6C-855A-4DD9-9174-F8117D86B218}.Release|iPhoneSimulator.Build.0 = Release|Any CPU
		{679252B9-B7D7-49C3-A1E2-FA6360E0B469}.Debug|Any CPU.ActiveCfg = Debug|Any CPU
		{679252B9-B7D7-49C3-A1E2-FA6360E0B469}.Debug|Any CPU.Build.0 = Debug|Any CPU
		{679252B9-B7D7-49C3-A1E2-FA6360E0B469}.Debug|iPhone.ActiveCfg = Debug|Any CPU
		{679252B9-B7D7-49C3-A1E2-FA6360E0B469}.Debug|iPhone.Build.0 = Debug|Any CPU
		{679252B9-B7D7-49C3-A1E2-FA6360E0B469}.Debug|iPhoneSimulator.ActiveCfg = Debug|Any CPU
		{679252B9-B7D7-49C3-A1E2-FA6360E0B469}.Debug|iPhoneSimulator.Build.0 = Debug|Any CPU
		{679252B9-B7D7-49C3-A1E2-FA6360E0B469}.Release|Any CPU.ActiveCfg = Release|Any CPU
		{679252B9-B7D7-49C3-A1E2-FA6360E0B469}.Release|Any CPU.Build.0 = Release|Any CPU
		{679252B9-B7D7-49C3-A1E2-FA6360E0B469}.Release|iPhone.ActiveCfg = Release|Any CPU
		{679252B9-B7D7-49C3-A1E2-FA6360E0B469}.Release|iPhone.Build.0 = Release|Any CPU
		{679252B9-B7D7-49C3-A1E2-FA6360E0B469}.Release|iPhoneSimulator.ActiveCfg = Release|Any CPU
		{679252B9-B7D7-49C3-A1E2-FA6360E0B469}.Release|iPhoneSimulator.Build.0 = Release|Any CPU
		{BF26D386-5D18-46C4-B27D-0CE82F6FEF3B}.Debug|Any CPU.ActiveCfg = Debug|Any CPU
		{BF26D386-5D18-46C4-B27D-0CE82F6FEF3B}.Debug|Any CPU.Build.0 = Debug|Any CPU
		{BF26D386-5D18-46C4-B27D-0CE82F6FEF3B}.Debug|iPhone.ActiveCfg = Debug|Any CPU
		{BF26D386-5D18-46C4-B27D-0CE82F6FEF3B}.Debug|iPhone.Build.0 = Debug|Any CPU
		{BF26D386-5D18-46C4-B27D-0CE82F6FEF3B}.Debug|iPhoneSimulator.ActiveCfg = Debug|Any CPU
		{BF26D386-5D18-46C4-B27D-0CE82F6FEF3B}.Debug|iPhoneSimulator.Build.0 = Debug|Any CPU
		{BF26D386-5D18-46C4-B27D-0CE82F6FEF3B}.Release|Any CPU.ActiveCfg = Release|Any CPU
		{BF26D386-5D18-46C4-B27D-0CE82F6FEF3B}.Release|Any CPU.Build.0 = Release|Any CPU
		{BF26D386-5D18-46C4-B27D-0CE82F6FEF3B}.Release|iPhone.ActiveCfg = Release|Any CPU
		{BF26D386-5D18-46C4-B27D-0CE82F6FEF3B}.Release|iPhone.Build.0 = Release|Any CPU
		{BF26D386-5D18-46C4-B27D-0CE82F6FEF3B}.Release|iPhoneSimulator.ActiveCfg = Release|Any CPU
		{BF26D386-5D18-46C4-B27D-0CE82F6FEF3B}.Release|iPhoneSimulator.Build.0 = Release|Any CPU
	EndGlobalSection
	GlobalSection(SolutionProperties) = preSolution
		HideSolutionNode = FALSE
	EndGlobalSection
EndGlobal
